
Microsoft Visual Studio Solution File, Format Version 12.00
# Visual Studio 14
VisualStudioVersion = 14.0.25420.1
MinimumVisualStudioVersion = 10.0.40219.1
Project("{2150E333-8FDC-42A3-9474-1A3956D46DE8}") = "LHW", "LHW", "{A15D96F6-A065-40EC-ABFF-A215F4A47A1A}"
EndProject
Project("{2150E333-8FDC-42A3-9474-1A3956D46DE8}") = "25 Mar", "25 Mar", "{4E22454A-062F-4214-A097-5C9A5FBBE1BB}"
EndProject
Project("{2150E333-8FDC-42A3-9474-1A3956D46DE8}") = "18 Mar", "18 Mar", "{00DB1EC0-9D56-4133-9AA9-5C08285EE817}"
EndProject
Project("{2150E333-8FDC-42A3-9474-1A3956D46DE8}") = "12 Mar", "12 Mar", "{BC905D95-43F8-4091-834A-CE208CBB7A82}"
EndProject
Project("{2150E333-8FDC-42A3-9474-1A3956D46DE8}") = "ETC", "ETC", "{13BF67EE-FCAA-4C25-ADD6-1EE51B0C9BA4}"
EndProject
Project("{2150E333-8FDC-42A3-9474-1A3956D46DE8}") = "HJW", "HJW", "{D1E16A96-1DBC-402D-8A6D-AFAB241CFC79}"
EndProject
Project("{2150E333-8FDC-42A3-9474-1A3956D46DE8}") = "CSJ", "CSJ", "{569DB9A7-D219-4718-96A7-4C173039D067}"
EndProject
Project("{2150E333-8FDC-42A3-9474-1A3956D46DE8}") = "25 Mar", "25 Mar", "{C94AC7F6-627D-4BF2-AF08-1823351B51F4}"
EndProject
Project("{2150E333-8FDC-42A3-9474-1A3956D46DE8}") = "25 Mar", "25 Mar", "{F50E95A9-2BEF-4AF3-9304-C97B87A9E8C5}"
EndProject
Project("{2150E333-8FDC-42A3-9474-1A3956D46DE8}") = "Solving", "Solving", "{C62EFFE6-67A1-46FF-A4D7-B00076E860F2}"
EndProject
Project("{FAE04EC0-301F-11D3-BF4B-00C04F79EFBC}") = "Practice_4344", "LHW\12 Mar\Practice_4344\Practice_4344.csproj", "{50A817EF-0E28-4DB2-940A-458C23F25BF1}"
EndProject
Project("{FAE04EC0-301F-11D3-BF4B-00C04F79EFBC}") = "Practice_2389", "LHW\18 Mar\Practice_2389\Practice_2389.csproj", "{F67E9466-806E-4410-BD26-7DB513073016}"
EndProject
Project("{FAE04EC0-301F-11D3-BF4B-00C04F79EFBC}") = "Practice_2798", "LHW\18 Mar\Practice_2798\Practice_2798.csproj", "{280FEE12-EDAA-455F-8A41-493AB0670D00}"
EndProject
Project("{FAE04EC0-301F-11D3-BF4B-00C04F79EFBC}") = "Practice_2231", "LHW\25 Mar\Practice_2231\Practice_2231.csproj", "{559A1322-4BA8-4306-83EE-B81B547C70E4}"
EndProject
Project("{FAE04EC0-301F-11D3-BF4B-00C04F79EFBC}") = "Practice_7568", "LHW\25 Mar\Practice_7568\Practice_7568.csproj", "{14B773A1-54D0-4E54-89F8-97906DF3E7F6}"
EndProject
Project("{FAE04EC0-301F-11D3-BF4B-00C04F79EFBC}") = "Practice_1018", "LHW\etc\Practice_1018\Practice_1018.csproj", "{6C3C4CF9-11CB-42B2-BA5D-1A3065704332}"
EndProject
Project("{FAE04EC0-301F-11D3-BF4B-00C04F79EFBC}") = "Practice_1546", "LHW\etc\Practice_1546\Practice_1546.csproj", "{D82B0C95-53EF-4B5C-8B74-7AA60135484F}"
EndProject
Project("{FAE04EC0-301F-11D3-BF4B-00C04F79EFBC}") = "Practice_2562", "LHW\etc\Practice_2562\Practice_2562.csproj", "{A35CC23B-D967-41C9-9F55-4E146AA86F78}"
EndProject
Project("{FAE04EC0-301F-11D3-BF4B-00C04F79EFBC}") = "Practice_2577", "LHW\etc\Practice_2577\Practice_2577.csproj", "{3A9F9FC4-954D-4CF6-9853-C49FC9B764FF}"
EndProject
Project("{FAE04EC0-301F-11D3-BF4B-00C04F79EFBC}") = "Practice_2869", "LHW\etc\Practice_2869\Practice_2869.csproj", "{457F4BD4-025B-4BA1-94B7-7DE5E53ECFE3}"
EndProject
Project("{FAE04EC0-301F-11D3-BF4B-00C04F79EFBC}") = "Practice_3052", "LHW\etc\Practice_3052\Practice_3052.csproj", "{EC909925-135B-421A-9A0D-5F205ECA3932}"
EndProject
Project("{FAE04EC0-301F-11D3-BF4B-00C04F79EFBC}") = "Practice_8958", "LHW\etc\Practice_8958\Practice_8958.csproj", "{43A3B4FA-B85A-4E43-981A-047DBED25F9F}"
EndProject
Project("{FAE04EC0-301F-11D3-BF4B-00C04F79EFBC}") = "Practice_10870", "LHW\etc\Practice_10870\Practice_10870.csproj", "{C85B6FCD-E71D-4E06-97BA-EC10561FE900}"
EndProject
Project("{FAE04EC0-301F-11D3-BF4B-00C04F79EFBC}") = "Practice01_10818_min_max", "LHW\etc\Practice01_10818_min_max\Practice01_10818_min_max.csproj", "{C42E958A-4633-4F5C-AC7D-4D90A3D5FC7D}"
EndProject
Project("{FAE04EC0-301F-11D3-BF4B-00C04F79EFBC}") = "Programmers_K_sort", "LHW\etc\Programmers_K_sort\Programmers_K_sort.csproj", "{EB41943B-5AA0-4C73-8DD5-12847D4F6B7E}"
EndProject
Project("{FAE04EC0-301F-11D3-BF4B-00C04F79EFBC}") = "Programmers_primenumer", "LHW\etc\Programmers_primenumer\Programmers_primenumer.csproj", "{9A3E3C1F-DADA-451C-B82A-C12C97F98C07}"
EndProject
Project("{FAE04EC0-301F-11D3-BF4B-00C04F79EFBC}") = "Practice_2751", "LHW\Solving\Practice_2751\Practice_2751.csproj", "{922BEBFB-A4AA-4DAD-90B8-B5D8D2F89B8F}"
EndProject
Project("{FAE04EC0-301F-11D3-BF4B-00C04F79EFBC}") = "Problem_7568", "HJW\25 Mar\Problem_7568\Problem_7568.csproj", "{1F3FE2A6-6BA3-47DA-B8EB-5F0981211221}"
EndProject
Project("{2150E333-8FDC-42A3-9474-1A3956D46DE8}") = "02 Apr", "02 Apr", "{1B05E790-C1E0-406C-A8BF-7E25B6C8C67C}"
EndProject
Project("{FAE04EC0-301F-11D3-BF4B-00C04F79EFBC}") = "Problem_10828", "CSJ\25 Mar\Problem_10828\Problem_10828.csproj", "{FEDFE0E0-F872-4121-888D-C82F550CB2C1}"
EndProject
Project("{2150E333-8FDC-42A3-9474-1A3956D46DE8}") = "09 Apr", "09 Apr", "{99FF8729-76E2-440C-AC2E-D419E1ABE20B}"
EndProject
Project("{FAE04EC0-301F-11D3-BF4B-00C04F79EFBC}") = "Practice_10828", "LHW\02 Apr\Practice_10828\Practice_10828.csproj", "{1601BEC2-D77B-497B-8704-BE4C95CF1BEE}"
EndProject
Project("{FAE04EC0-301F-11D3-BF4B-00C04F79EFBC}") = "Practice_10989", "LHW\02 Apr\Practice_10989\Practice_10989.csproj", "{545CEB7E-A07C-46E4-A217-9A7EAD6BD0D7}"
EndProject
Project("{FAE04EC0-301F-11D3-BF4B-00C04F79EFBC}") = "Practice_2108", "LHW\09 Apr\Practice_2108\Practice_2108.csproj", "{4F6FA590-3612-462C-BFC5-D9BD43FA98AD}"
EndProject
Project("{FAE04EC0-301F-11D3-BF4B-00C04F79EFBC}") = "Practice_11729", "LHW\09 Apr\Practice_11729\Practice_11729.csproj", "{69335A1A-3EB9-469A-B7D6-C1A6CF21295F}"
EndProject
Global
	GlobalSection(SolutionConfigurationPlatforms) = preSolution
		Debug|Any CPU = Debug|Any CPU
		Release|Any CPU = Release|Any CPU
	EndGlobalSection
	GlobalSection(ProjectConfigurationPlatforms) = postSolution
		{50A817EF-0E28-4DB2-940A-458C23F25BF1}.Debug|Any CPU.ActiveCfg = Debug|Any CPU
		{50A817EF-0E28-4DB2-940A-458C23F25BF1}.Debug|Any CPU.Build.0 = Debug|Any CPU
		{50A817EF-0E28-4DB2-940A-458C23F25BF1}.Release|Any CPU.ActiveCfg = Release|Any CPU
		{50A817EF-0E28-4DB2-940A-458C23F25BF1}.Release|Any CPU.Build.0 = Release|Any CPU
		{F67E9466-806E-4410-BD26-7DB513073016}.Debug|Any CPU.ActiveCfg = Debug|Any CPU
		{F67E9466-806E-4410-BD26-7DB513073016}.Debug|Any CPU.Build.0 = Debug|Any CPU
		{F67E9466-806E-4410-BD26-7DB513073016}.Release|Any CPU.ActiveCfg = Release|Any CPU
		{F67E9466-806E-4410-BD26-7DB513073016}.Release|Any CPU.Build.0 = Release|Any CPU
		{280FEE12-EDAA-455F-8A41-493AB0670D00}.Debug|Any CPU.ActiveCfg = Debug|Any CPU
		{280FEE12-EDAA-455F-8A41-493AB0670D00}.Debug|Any CPU.Build.0 = Debug|Any CPU
		{280FEE12-EDAA-455F-8A41-493AB0670D00}.Release|Any CPU.ActiveCfg = Release|Any CPU
		{280FEE12-EDAA-455F-8A41-493AB0670D00}.Release|Any CPU.Build.0 = Release|Any CPU
		{559A1322-4BA8-4306-83EE-B81B547C70E4}.Debug|Any CPU.ActiveCfg = Debug|Any CPU
		{559A1322-4BA8-4306-83EE-B81B547C70E4}.Debug|Any CPU.Build.0 = Debug|Any CPU
		{559A1322-4BA8-4306-83EE-B81B547C70E4}.Release|Any CPU.ActiveCfg = Release|Any CPU
		{559A1322-4BA8-4306-83EE-B81B547C70E4}.Release|Any CPU.Build.0 = Release|Any CPU
		{14B773A1-54D0-4E54-89F8-97906DF3E7F6}.Debug|Any CPU.ActiveCfg = Debug|Any CPU
		{14B773A1-54D0-4E54-89F8-97906DF3E7F6}.Debug|Any CPU.Build.0 = Debug|Any CPU
		{14B773A1-54D0-4E54-89F8-97906DF3E7F6}.Release|Any CPU.ActiveCfg = Release|Any CPU
		{14B773A1-54D0-4E54-89F8-97906DF3E7F6}.Release|Any CPU.Build.0 = Release|Any CPU
		{6C3C4CF9-11CB-42B2-BA5D-1A3065704332}.Debug|Any CPU.ActiveCfg = Debug|Any CPU
		{6C3C4CF9-11CB-42B2-BA5D-1A3065704332}.Debug|Any CPU.Build.0 = Debug|Any CPU
		{6C3C4CF9-11CB-42B2-BA5D-1A3065704332}.Release|Any CPU.ActiveCfg = Release|Any CPU
		{6C3C4CF9-11CB-42B2-BA5D-1A3065704332}.Release|Any CPU.Build.0 = Release|Any CPU
		{D82B0C95-53EF-4B5C-8B74-7AA60135484F}.Debug|Any CPU.ActiveCfg = Debug|Any CPU
		{D82B0C95-53EF-4B5C-8B74-7AA60135484F}.Debug|Any CPU.Build.0 = Debug|Any CPU
		{D82B0C95-53EF-4B5C-8B74-7AA60135484F}.Release|Any CPU.ActiveCfg = Release|Any CPU
		{D82B0C95-53EF-4B5C-8B74-7AA60135484F}.Release|Any CPU.Build.0 = Release|Any CPU
		{A35CC23B-D967-41C9-9F55-4E146AA86F78}.Debug|Any CPU.ActiveCfg = Debug|Any CPU
		{A35CC23B-D967-41C9-9F55-4E146AA86F78}.Debug|Any CPU.Build.0 = Debug|Any CPU
		{A35CC23B-D967-41C9-9F55-4E146AA86F78}.Release|Any CPU.ActiveCfg = Release|Any CPU
		{A35CC23B-D967-41C9-9F55-4E146AA86F78}.Release|Any CPU.Build.0 = Release|Any CPU
		{3A9F9FC4-954D-4CF6-9853-C49FC9B764FF}.Debug|Any CPU.ActiveCfg = Debug|Any CPU
		{3A9F9FC4-954D-4CF6-9853-C49FC9B764FF}.Debug|Any CPU.Build.0 = Debug|Any CPU
		{3A9F9FC4-954D-4CF6-9853-C49FC9B764FF}.Release|Any CPU.ActiveCfg = Release|Any CPU
		{3A9F9FC4-954D-4CF6-9853-C49FC9B764FF}.Release|Any CPU.Build.0 = Release|Any CPU
		{457F4BD4-025B-4BA1-94B7-7DE5E53ECFE3}.Debug|Any CPU.ActiveCfg = Debug|Any CPU
		{457F4BD4-025B-4BA1-94B7-7DE5E53ECFE3}.Debug|Any CPU.Build.0 = Debug|Any CPU
		{457F4BD4-025B-4BA1-94B7-7DE5E53ECFE3}.Release|Any CPU.ActiveCfg = Release|Any CPU
		{457F4BD4-025B-4BA1-94B7-7DE5E53ECFE3}.Release|Any CPU.Build.0 = Release|Any CPU
		{EC909925-135B-421A-9A0D-5F205ECA3932}.Debug|Any CPU.ActiveCfg = Debug|Any CPU
		{EC909925-135B-421A-9A0D-5F205ECA3932}.Debug|Any CPU.Build.0 = Debug|Any CPU
		{EC909925-135B-421A-9A0D-5F205ECA3932}.Release|Any CPU.ActiveCfg = Release|Any CPU
		{EC909925-135B-421A-9A0D-5F205ECA3932}.Release|Any CPU.Build.0 = Release|Any CPU
		{43A3B4FA-B85A-4E43-981A-047DBED25F9F}.Debug|Any CPU.ActiveCfg = Debug|Any CPU
		{43A3B4FA-B85A-4E43-981A-047DBED25F9F}.Debug|Any CPU.Build.0 = Debug|Any CPU
		{43A3B4FA-B85A-4E43-981A-047DBED25F9F}.Release|Any CPU.ActiveCfg = Release|Any CPU
		{43A3B4FA-B85A-4E43-981A-047DBED25F9F}.Release|Any CPU.Build.0 = Release|Any CPU
		{C85B6FCD-E71D-4E06-97BA-EC10561FE900}.Debug|Any CPU.ActiveCfg = Debug|Any CPU
		{C85B6FCD-E71D-4E06-97BA-EC10561FE900}.Debug|Any CPU.Build.0 = Debug|Any CPU
		{C85B6FCD-E71D-4E06-97BA-EC10561FE900}.Release|Any CPU.ActiveCfg = Release|Any CPU
		{C85B6FCD-E71D-4E06-97BA-EC10561FE900}.Release|Any CPU.Build.0 = Release|Any CPU
		{C42E958A-4633-4F5C-AC7D-4D90A3D5FC7D}.Debug|Any CPU.ActiveCfg = Debug|Any CPU
		{C42E958A-4633-4F5C-AC7D-4D90A3D5FC7D}.Debug|Any CPU.Build.0 = Debug|Any CPU
		{C42E958A-4633-4F5C-AC7D-4D90A3D5FC7D}.Release|Any CPU.ActiveCfg = Release|Any CPU
		{C42E958A-4633-4F5C-AC7D-4D90A3D5FC7D}.Release|Any CPU.Build.0 = Release|Any CPU
		{EB41943B-5AA0-4C73-8DD5-12847D4F6B7E}.Debug|Any CPU.ActiveCfg = Debug|Any CPU
		{EB41943B-5AA0-4C73-8DD5-12847D4F6B7E}.Debug|Any CPU.Build.0 = Debug|Any CPU
		{EB41943B-5AA0-4C73-8DD5-12847D4F6B7E}.Release|Any CPU.ActiveCfg = Release|Any CPU
		{EB41943B-5AA0-4C73-8DD5-12847D4F6B7E}.Release|Any CPU.Build.0 = Release|Any CPU
		{9A3E3C1F-DADA-451C-B82A-C12C97F98C07}.Debug|Any CPU.ActiveCfg = Debug|Any CPU
		{9A3E3C1F-DADA-451C-B82A-C12C97F98C07}.Debug|Any CPU.Build.0 = Debug|Any CPU
		{9A3E3C1F-DADA-451C-B82A-C12C97F98C07}.Release|Any CPU.ActiveCfg = Release|Any CPU
		{9A3E3C1F-DADA-451C-B82A-C12C97F98C07}.Release|Any CPU.Build.0 = Release|Any CPU
		{922BEBFB-A4AA-4DAD-90B8-B5D8D2F89B8F}.Debug|Any CPU.ActiveCfg = Debug|Any CPU
		{922BEBFB-A4AA-4DAD-90B8-B5D8D2F89B8F}.Debug|Any CPU.Build.0 = Debug|Any CPU
		{922BEBFB-A4AA-4DAD-90B8-B5D8D2F89B8F}.Release|Any CPU.ActiveCfg = Release|Any CPU
		{922BEBFB-A4AA-4DAD-90B8-B5D8D2F89B8F}.Release|Any CPU.Build.0 = Release|Any CPU
		{1F3FE2A6-6BA3-47DA-B8EB-5F0981211221}.Debug|Any CPU.ActiveCfg = Debug|Any CPU
		{1F3FE2A6-6BA3-47DA-B8EB-5F0981211221}.Debug|Any CPU.Build.0 = Debug|Any CPU
		{1F3FE2A6-6BA3-47DA-B8EB-5F0981211221}.Release|Any CPU.ActiveCfg = Release|Any CPU
		{1F3FE2A6-6BA3-47DA-B8EB-5F0981211221}.Release|Any CPU.Build.0 = Release|Any CPU
		{FEDFE0E0-F872-4121-888D-C82F550CB2C1}.Debug|Any CPU.ActiveCfg = Debug|Any CPU
		{FEDFE0E0-F872-4121-888D-C82F550CB2C1}.Debug|Any CPU.Build.0 = Debug|Any CPU
		{FEDFE0E0-F872-4121-888D-C82F550CB2C1}.Release|Any CPU.ActiveCfg = Release|Any CPU
		{FEDFE0E0-F872-4121-888D-C82F550CB2C1}.Release|Any CPU.Build.0 = Release|Any CPU
		{1601BEC2-D77B-497B-8704-BE4C95CF1BEE}.Debug|Any CPU.ActiveCfg = Debug|Any CPU
		{1601BEC2-D77B-497B-8704-BE4C95CF1BEE}.Debug|Any CPU.Build.0 = Debug|Any CPU
		{1601BEC2-D77B-497B-8704-BE4C95CF1BEE}.Release|Any CPU.ActiveCfg = Release|Any CPU
		{1601BEC2-D77B-497B-8704-BE4C95CF1BEE}.Release|Any CPU.Build.0 = Release|Any CPU
		{545CEB7E-A07C-46E4-A217-9A7EAD6BD0D7}.Debug|Any CPU.ActiveCfg = Debug|Any CPU
		{545CEB7E-A07C-46E4-A217-9A7EAD6BD0D7}.Debug|Any CPU.Build.0 = Debug|Any CPU
		{545CEB7E-A07C-46E4-A217-9A7EAD6BD0D7}.Release|Any CPU.ActiveCfg = Release|Any CPU
		{545CEB7E-A07C-46E4-A217-9A7EAD6BD0D7}.Release|Any CPU.Build.0 = Release|Any CPU
		{4F6FA590-3612-462C-BFC5-D9BD43FA98AD}.Debug|Any CPU.ActiveCfg = Debug|Any CPU
		{4F6FA590-3612-462C-BFC5-D9BD43FA98AD}.Debug|Any CPU.Build.0 = Debug|Any CPU
		{4F6FA590-3612-462C-BFC5-D9BD43FA98AD}.Release|Any CPU.ActiveCfg = Release|Any CPU
		{4F6FA590-3612-462C-BFC5-D9BD43FA98AD}.Release|Any CPU.Build.0 = Release|Any CPU
		{69335A1A-3EB9-469A-B7D6-C1A6CF21295F}.Debug|Any CPU.ActiveCfg = Debug|Any CPU
		{69335A1A-3EB9-469A-B7D6-C1A6CF21295F}.Debug|Any CPU.Build.0 = Debug|Any CPU
		{69335A1A-3EB9-469A-B7D6-C1A6CF21295F}.Release|Any CPU.ActiveCfg = Release|Any CPU
		{69335A1A-3EB9-469A-B7D6-C1A6CF21295F}.Release|Any CPU.Build.0 = Release|Any CPU
	EndGlobalSection
	GlobalSection(SolutionProperties) = preSolution
		HideSolutionNode = FALSE
	EndGlobalSection
	GlobalSection(NestedProjects) = preSolution
		{4E22454A-062F-4214-A097-5C9A5FBBE1BB} = {A15D96F6-A065-40EC-ABFF-A215F4A47A1A}
		{00DB1EC0-9D56-4133-9AA9-5C08285EE817} = {A15D96F6-A065-40EC-ABFF-A215F4A47A1A}
		{BC905D95-43F8-4091-834A-CE208CBB7A82} = {A15D96F6-A065-40EC-ABFF-A215F4A47A1A}
		{13BF67EE-FCAA-4C25-ADD6-1EE51B0C9BA4} = {A15D96F6-A065-40EC-ABFF-A215F4A47A1A}
		{C94AC7F6-627D-4BF2-AF08-1823351B51F4} = {569DB9A7-D219-4718-96A7-4C173039D067}
		{F50E95A9-2BEF-4AF3-9304-C97B87A9E8C5} = {D1E16A96-1DBC-402D-8A6D-AFAB241CFC79}
		{C62EFFE6-67A1-46FF-A4D7-B00076E860F2} = {A15D96F6-A065-40EC-ABFF-A215F4A47A1A}
		{50A817EF-0E28-4DB2-940A-458C23F25BF1} = {BC905D95-43F8-4091-834A-CE208CBB7A82}
		{F67E9466-806E-4410-BD26-7DB513073016} = {00DB1EC0-9D56-4133-9AA9-5C08285EE817}
		{280FEE12-EDAA-455F-8A41-493AB0670D00} = {00DB1EC0-9D56-4133-9AA9-5C08285EE817}
		{559A1322-4BA8-4306-83EE-B81B547C70E4} = {4E22454A-062F-4214-A097-5C9A5FBBE1BB}
		{14B773A1-54D0-4E54-89F8-97906DF3E7F6} = {4E22454A-062F-4214-A097-5C9A5FBBE1BB}
		{6C3C4CF9-11CB-42B2-BA5D-1A3065704332} = {13BF67EE-FCAA-4C25-ADD6-1EE51B0C9BA4}
		{D82B0C95-53EF-4B5C-8B74-7AA60135484F} = {13BF67EE-FCAA-4C25-ADD6-1EE51B0C9BA4}
		{A35CC23B-D967-41C9-9F55-4E146AA86F78} = {13BF67EE-FCAA-4C25-ADD6-1EE51B0C9BA4}
		{3A9F9FC4-954D-4CF6-9853-C49FC9B764FF} = {13BF67EE-FCAA-4C25-ADD6-1EE51B0C9BA4}
		{457F4BD4-025B-4BA1-94B7-7DE5E53ECFE3} = {13BF67EE-FCAA-4C25-ADD6-1EE51B0C9BA4}
		{EC909925-135B-421A-9A0D-5F205ECA3932} = {13BF67EE-FCAA-4C25-ADD6-1EE51B0C9BA4}
		{43A3B4FA-B85A-4E43-981A-047DBED25F9F} = {13BF67EE-FCAA-4C25-ADD6-1EE51B0C9BA4}
		{C85B6FCD-E71D-4E06-97BA-EC10561FE900} = {13BF67EE-FCAA-4C25-ADD6-1EE51B0C9BA4}
		{C42E958A-4633-4F5C-AC7D-4D90A3D5FC7D} = {13BF67EE-FCAA-4C25-ADD6-1EE51B0C9BA4}
		{EB41943B-5AA0-4C73-8DD5-12847D4F6B7E} = {13BF67EE-FCAA-4C25-ADD6-1EE51B0C9BA4}
		{9A3E3C1F-DADA-451C-B82A-C12C97F98C07} = {13BF67EE-FCAA-4C25-ADD6-1EE51B0C9BA4}
		{922BEBFB-A4AA-4DAD-90B8-B5D8D2F89B8F} = {C62EFFE6-67A1-46FF-A4D7-B00076E860F2}
		{1F3FE2A6-6BA3-47DA-B8EB-5F0981211221} = {F50E95A9-2BEF-4AF3-9304-C97B87A9E8C5}
		{1B05E790-C1E0-406C-A8BF-7E25B6C8C67C} = {A15D96F6-A065-40EC-ABFF-A215F4A47A1A}
		{FEDFE0E0-F872-4121-888D-C82F550CB2C1} = {C94AC7F6-627D-4BF2-AF08-1823351B51F4}
		{99FF8729-76E2-440C-AC2E-D419E1ABE20B} = {A15D96F6-A065-40EC-ABFF-A215F4A47A1A}
		{1601BEC2-D77B-497B-8704-BE4C95CF1BEE} = {1B05E790-C1E0-406C-A8BF-7E25B6C8C67C}
		{545CEB7E-A07C-46E4-A217-9A7EAD6BD0D7} = {1B05E790-C1E0-406C-A8BF-7E25B6C8C67C}
		{4F6FA590-3612-462C-BFC5-D9BD43FA98AD} = {99FF8729-76E2-440C-AC2E-D419E1ABE20B}
		{69335A1A-3EB9-469A-B7D6-C1A6CF21295F} = {99FF8729-76E2-440C-AC2E-D419E1ABE20B}
	EndGlobalSection
	GlobalSection(ExtensibilityGlobals) = postSolution
		SolutionGuid = {C5D3D3D5-3047-49FB-973D-6CD3C51035DA}
	EndGlobalSection
EndGlobal
